
Microsoft Visual Studio Solution File, Format Version 12.00
# Visual Studio Version 16
VisualStudioVersion = 16.0.32228.343
MinimumVisualStudioVersion = 10.0.40219.1
Project("{9A19103F-16F7-4668-BE54-9A1E7A4F7556}") = "UdpClientDemo", "UdpClientDemo\UdpClientDemo.csproj", "{A584F50B-4EB8-4965-9CDA-DB502A9A1E06}"
EndProject
Project("{FAE04EC0-301F-11D3-BF4B-00C04F79EFBC}") = "UdpServerSide", "UdpServerSide\UdpServerSide.csproj", "{44657C3A-2CCB-4A81-888D-1DC613B24427}"
EndProject
Global
	GlobalSection(SolutionConfigurationPlatforms) = preSolution
		Debug|Any CPU = Debug|Any CPU
		Release|Any CPU = Release|Any CPU
	EndGlobalSection
	GlobalSection(ProjectConfigurationPlatforms) = postSolution
		{A584F50B-4EB8-4965-9CDA-DB502A9A1E06}.Debug|Any CPU.ActiveCfg = Debug|Any CPU
		{A584F50B-4EB8-4965-9CDA-DB502A9A1E06}.Debug|Any CPU.Build.0 = Debug|Any CPU
		{A584F50B-4EB8-4965-9CDA-DB502A9A1E06}.Release|Any CPU.ActiveCfg = Release|Any CPU
		{A584F50B-4EB8-4965-9CDA-DB502A9A1E06}.Release|Any CPU.Build.0 = Release|Any CPU
		{44657C3A-2CCB-4A81-888D-1DC613B24427}.Debug|Any CPU.ActiveCfg = Debug|Any CPU
		{44657C3A-2CCB-4A81-888D-1DC613B24427}.Debug|Any CPU.Build.0 = Debug|Any CPU
		{44657C3A-2CCB-4A81-888D-1DC613B24427}.Release|Any CPU.ActiveCfg = Release|Any CPU
		{44657C3A-2CCB-4A81-888D-1DC613B24427}.Release|Any CPU.Build.0 = Release|Any CPU
	EndGlobalSection
	GlobalSection(SolutionProperties) = preSolution
		HideSolutionNode = FALSE
	EndGlobalSection
	GlobalSection(ExtensibilityGlobals) = postSolution
		SolutionGuid = {191C41E6-3311-428A-9185-02305DBBF057}
	EndGlobalSection
EndGlobal
